github.com/cespare/xxhash/v2 v2.1.2 h1:YRXhKfTDauu4ajMg1TPgFO5jnlC2HCbmLXMcTG5cbYE=
github.com/cespare/xxhash/v2 v2.1.2/go.mod h1:VGX0DQ3Q6kWi7AoAeZDth3/j3BFtOZR5XLFGgcrjCOs=
github.com/davecgh/go-spew v1.1.1 h1:vj9j/u1bqnvCEfJOwUhtlOARqs3+rkHYY13jYWTU97c=
github.com/davecgh/go-spew v1.1.1/go.mod h1:J7Y8YcW2NihsgmVo/mv3lAwl/skON4iLHjSsI+c5H38=
github.com/dgryski/go-rendezvous v0.0.0-20200823014737-9f7001d12a5f h1:lO4WD4F/rVNCu3HqELle0jiPLLBs70cWOduZpkS1E78=
github.com/dgryski/go-rendezvous v0.0.0-20200823014737-9f7001d12a5f/go.mod h1:cuUVRXasLTGF7a8hSLbxyZXjz+1KgoB3wDUb6vlszIc=
github.com/fsnotify/fsnotify v1.4.9 h1:hsms1Qyu0jgnwNXIxa+/V/PDsU6CfLf6CNO8H7IWoS4=
github.com/go-redis/redis/v8 v8.11.5 h1:AcZZR7igkdvfVmQTPnu9WE37LRrO/YrBH5zWyjDC0oI=
github.com/go-redis/redis/v8 v8.11.5/go.mod h1:gREzHqY1hg6oD9ngVRbLStwAWKhA0FEgq8Jd4h5lpwo=
github.com/jsmzr/bootstrap-config v0.0.3 h1:w6hHZD1ZD8oetKrYGmPaxoswyvhtYrtlF9BM4q30CS8=
github.com/jsmzr/bootstrap-config v0.0.3/go.mod h1:RPum56DdfkCbMipzuB6o0b87HppC4EUFPULxuEbOAvE=
github.com/jsmzr/bootstrap-config-yaml v0.0.4 h1:VCaurxdnQ1nFrfYRr8w5MdyMWngYBjYRnaW+w2PaNMM=
github.com/jsmzr/bootstrap-config-yaml v0.0.4/go.mod h1:0o/VPO3B7l5jyYAM+v7cfHxUXSO8r38PPdtfID8ycJo=
github.com/jsmzr/bootstrap-log v0.0.2 h1:1HGI6FKMS6YUNLq1jJL3ZfdeFeEQlRD2AJpCXCvZhIE=
github.com/jsmzr/bootstrap-log v0.0.2/go.mod h1:3t0kzzJptJuLTx5BFAwfuXC61MVL+vyxgfzkjSppx8s=
github.com/jsmzr/bootstrap-log-logrus v0.0.3 h1:d1bMhNb6OhKLFww6FQD5FwqqLtCumTjcBX5dWpmv1r0=
github.com/jsmzr/bootstrap-log-logrus v0.0.3/go.mod h1:Po4ae8VhXjTxNHF9p81Qe8cOXXQAflT42DQUT7QrqhY=
github.com/jsmzr/bootstrap-plugin v0.0.2 h1:KsqC0llFuGW5CXulsOmFZEe9FneZLNgoiCEImlQLUwk=
github.com/jsmzr/bootstrap-plugin v0.0.2/go.mod h1:nH+IQoW9iW88IvGOKgiVFch2Li9LAQF3vHiPYCJEJ2k=
github.com/jsmzr/bootstrap-plugin-config-yaml v0.0.3 h1:Ze3WLTQsIYaEBf/RJGxQeMn80G5Z8+GQODtpcEDVi/o=
github.com/jsmzr/bootstrap-plugin-config-yaml v0.0.3/go.mod h1:nXvuo8LhyPphc4pqxq0WZSQYzELK6erl7TKoj9VFeKE=
github.com/jsmzr/bootstrap-plugin-logrus v0.0.2 h1:5G8OQ1TK4tsUwA9t3Q8m3yejXZv2FD0Thio9zeyNCgE=
github.com/jsmzr/bootstrap-plugin-logrus v0.0.2/go.mod h1:Cu3IfvWx7nyXTThC6m2SKDOukIR7YO0U4Ay+ifOdA3Y=
github.com/jsmzr/bootstrap-plugin-redis v0.0.1 h1:kghh3/4dccWbikoHc7wwKgLneMiDleA2KD7hQzdGgTU=
github.com/jsmzr/bootstrap-plugin-redis v0.0.1/go.mod h1:oB1GO1PpDyxR6IztNLaNiRJ2yPdFeJB+wl/8DL52p3o=
github.com/nxadm/tail v1.4.8 h1:nPr65rt6Y5JFSKQO7qToXr7pePgD6Gwiw05lkbyAQTE=
github.com/onsi/ginkgo v1.16.5 h1:8xi0RTUf59SOSfEtZMvwTvXYMzG4gV23XVHOZiXNtnE=
github.com/onsi/gomega v1.18.1 h1:M1GfJqGRrBrrGGsbxzV5dqM2U2ApXefZCQpkukxYRLE=
github.com/pmezard/go-difflib v1.0.0 h1:4DBwDE0NGyQoBHbLQYPwSUPoCMWR5BEzIk/f1lZbAQM=
github.com/pmezard/go-difflib v1.0.0/go.mod h1:iKH77koFhYxTK1pcRnkKkqfTogsbg7gZNVY4sRDYZ/4=
github.com/sirupsen/logrus v1.8.1 h1:dJKuHgqk1NNQlqoA6BTlM1Wf9DOH3NBjQyu0h9+AZZE=
github.com/sirupsen/logrus v1.8.1/go.mod h1:yWOB1SBYBC5VeMP7gHvWumXLIWorT60ONWic61uBYv0=
github.com/stretchr/testify v1.2.2 h1:bSDNvY7ZPG5RlJ8otE/7V6gMiyenm9RtJ7IUVIAoJ1w=
github.com/stretchr/testify v1.2.2/go.mod h1:a8OnRcib4nhh0OaRAV+Yts87kKdq0PP7pXfy6kDkUVs=
github.com/tidwall/gjson v1.14.0 h1:6aeJ0bzojgWLa82gDQHcx3S0Lr/O51I9bJ5nv6JFx5w=
github.com/tidwall/gjson v1.14.0/go.mod h1:/wbyibRr2FHMks5tjHJ5F8dMZh3AcwJEMf5vlfC0lxk=
github.com/tidwall/match v1.1.1 h1:+Ho715JplO36QYgwN9PGYNhgZvoUSc9X2c80KVTi+GA=
github.com/tidwall/match v1.1.1/go.mod h1:eRSPERbgtNPcGhD8UCthc6PmLEQXEWd3PRB5JTxsfmM=
github.com/tidwall/pretty v1.2.0 h1:RWIZEg2iJ8/g6fDDYzMpobmaoGh5OLl4AXtGUGPcqCs=
github.com/tidwall/pretty v1.2.0/go.mod h1:ITEVvHYasfjBbM0u2Pg8T2nJnzm8xPwvNhhsoaGGjNU=
golang.org/x/net v0.0.0-20210428140749-89ef3d95e781 h1:DzZ89McO9/gWPsQXS/FVKAlG02ZjaQ6AlZRBimEYOd0=
golang.org/x/sys v0.0.0-20191026070338-33540a1f6037/go.mod h1:h1NjWce9XRLGQEsW7wpKNCjG9DtNlClVuFLEZdDNbEs=
golang.org/x/sys v0.0.0-20211216021012-1d35b9e2eb4e h1:fLOSk5Q00efkSvAm+4xcoXD+RRmLmmulPn5I3Y9F2EM=
golang.org/x/sys v0.0.0-20211216021012-1d35b9e2eb4e/go.mod h1:oPkhp1MJrh7nUepCBck5+mAzfO9JrbApNNgaTdGDITg=
golang.org/x/text v0.3.6 h1:aRYxNxv6iGQlyVaZmk6ZgYEDa+Jg18DxebPSrd6bg1M=
gopkg.in/check.v1 v0.0.0-20161208181325-20d25e280405 h1:yhCVgyC4o1eVCa2tZl7eS0r+SDo693bJlVdllGtEeKM=
gopkg.in/check.v1 v0.0.0-20161208181325-20d25e280405/go.mod h1:Co6ibVJAznAaIkqp8huTwlJQCZ016jof/cbN4VW5Yz0=
gopkg.in/tomb.v1 v1.0.0-20141024135613-dd632973f1e7 h1:uRGJdciOHaEIrze2W8Q3AKkepLTh2hOroT7a+7czfdQ=
gopkg.in/yaml.v2 v2.4.0 h1:D8xgwECY7CYvx+Y2n4sBz93Jn9JRvxdiyyo8CTfuKaY=
gopkg.in/yaml.v2 v2.4.0/go.mod h1:RDklbk79AGWmwhnvt/jBztapEOGDOx6ZbXqjP6csGnQ=
