github.com/davecgh/go-spew v1.1.1 h1:vj9j/u1bqnvCEfJOwUhtlOARqs3+rkHYY13jYWTU97c=
github.com/davecgh/go-spew v1.1.1/go.mod h1:J7Y8YcW2NihsgmVo/mv3lAwl/skON4iLHjSsI+c5H38=
github.com/jsmzr/bootstrap-config v0.0.1 h1:3h9LwPLt3rc33wWnaFOemTrK3j5b4l/saDAoy3S3Z8A=
github.com/jsmzr/bootstrap-config v0.0.1/go.mod h1:lYftRYPQbml1lH1j4IbAChEULKC3iB4whNgDpe5O2/E=
github.com/jsmzr/bootstrap-config-yaml v0.0.2 h1:UN0tpkQHBzUlvkpUeMAupICoKw5llVjvdHlAy6iihNA=
github.com/jsmzr/bootstrap-config-yaml v0.0.2/go.mod h1:oyD1dPmi+yESrT3i2BRhStC9ttW0PwH/G5+a/ELwBjc=
github.com/jsmzr/bootstrap-log v0.0.2 h1:1HGI6FKMS6YUNLq1jJL3ZfdeFeEQlRD2AJpCXCvZhIE=
github.com/jsmzr/bootstrap-log v0.0.2/go.mod h1:3t0kzzJptJuLTx5BFAwfuXC61MVL+vyxgfzkjSppx8s=
github.com/jsmzr/bootstrap-log-logrus v0.0.3 h1:d1bMhNb6OhKLFww6FQD5FwqqLtCumTjcBX5dWpmv1r0=
github.com/jsmzr/bootstrap-log-logrus v0.0.3/go.mod h1:Po4ae8VhXjTxNHF9p81Qe8cOXXQAflT42DQUT7QrqhY=
github.com/jsmzr/bootstrap-plugin v0.0.1 h1:tB/ew35zx0XJrvZghXqBrew0WFyfVwfmQDJRDGNLovE=
github.com/jsmzr/bootstrap-plugin v0.0.1/go.mod h1:nH+IQoW9iW88IvGOKgiVFch2Li9LAQF3vHiPYCJEJ2k=
github.com/jsmzr/bootstrap-plugin-config-yaml v0.0.1 h1:JY68OnrUhJxsY1O978Q0fiV83Eee/Zmk7GUueS29fxQ=
github.com/jsmzr/bootstrap-plugin-config-yaml v0.0.1/go.mod h1:Yj8Hy9OBnYEjCqWs7d6qWoHSYeOuR7jlImWdrlPpENA=
github.com/jsmzr/bootstrap-plugin-logrus v0.0.1 h1:hFIehRa4KHrVerqEahMG17BuJO3mjzGQHkgyzXQYKcI=
github.com/jsmzr/bootstrap-plugin-logrus v0.0.1/go.mod h1:bhhn7AZgeKemTfsivPAtXOpUrwZkd4/L0BVtyTs1SJE=
github.com/pmezard/go-difflib v1.0.0 h1:4DBwDE0NGyQoBHbLQYPwSUPoCMWR5BEzIk/f1lZbAQM=
github.com/pmezard/go-difflib v1.0.0/go.mod h1:iKH77koFhYxTK1pcRnkKkqfTogsbg7gZNVY4sRDYZ/4=
github.com/sirupsen/logrus v1.8.1 h1:dJKuHgqk1NNQlqoA6BTlM1Wf9DOH3NBjQyu0h9+AZZE=
github.com/sirupsen/logrus v1.8.1/go.mod h1:yWOB1SBYBC5VeMP7gHvWumXLIWorT60ONWic61uBYv0=
github.com/stretchr/testify v1.2.2 h1:bSDNvY7ZPG5RlJ8otE/7V6gMiyenm9RtJ7IUVIAoJ1w=
github.com/stretchr/testify v1.2.2/go.mod h1:a8OnRcib4nhh0OaRAV+Yts87kKdq0PP7pXfy6kDkUVs=
golang.org/x/sys v0.0.0-20191026070338-33540a1f6037 h1:YyJpGZS1sBuBCzLAR1VEpK193GlqGZbnPFnPV/5Rsb4=
golang.org/x/sys v0.0.0-20191026070338-33540a1f6037/go.mod h1:h1NjWce9XRLGQEsW7wpKNCjG9DtNlClVuFLEZdDNbEs=
gopkg.in/check.v1 v0.0.0-20161208181325-20d25e280405 h1:yhCVgyC4o1eVCa2tZl7eS0r+SDo693bJlVdllGtEeKM=
gopkg.in/check.v1 v0.0.0-20161208181325-20d25e280405/go.mod h1:Co6ibVJAznAaIkqp8huTwlJQCZ016jof/cbN4VW5Yz0=
gopkg.in/yaml.v2 v2.4.0 h1:D8xgwECY7CYvx+Y2n4sBz93Jn9JRvxdiyyo8CTfuKaY=
gopkg.in/yaml.v2 v2.4.0/go.mod h1:RDklbk79AGWmwhnvt/jBztapEOGDOx6ZbXqjP6csGnQ=
